
Microsoft Visual Studio Solution File, Format Version 12.00
# Visual Studio Version 17
VisualStudioVersion = 17.7.34031.279
MinimumVisualStudioVersion = 10.0.40219.1
Project("{9A19103F-16F7-4668-BE54-9A1E7A4F7556}") = "HDC.Web", "HDC.Web\HDC.Web.csproj", "{789DF761-BFBC-4FF8-898E-B3BC0B994863}"
EndProject
Project("{E53339B2-1760-4266-BCC7-CA923CBCF16C}") = "docker-compose", "docker-compose.dcproj", "{2FBB112E-D6AF-476C-9847-AA64FB77AF2B}"
EndProject
Project("{FAE04EC0-301F-11D3-BF4B-00C04F79EFBC}") = "HDC.Monolith", "HDC.Monolith\HDC.Monolith.csproj", "{95D9B681-E56B-4B23-BC59-DB3413D06AC5}"
EndProject
Project("{FAE04EC0-301F-11D3-BF4B-00C04F79EFBC}") = "HDC.Cat", "HDC.Cat\HDC.Cat.csproj", "{9F671ED8-2292-4965-9AD3-6BA7A5682CB4}"
EndProject
Project("{FAE04EC0-301F-11D3-BF4B-00C04F79EFBC}") = "HDC.Dog", "HDC.Dog\HDC.Dog.csproj", "{6D274630-7AAA-471C-8721-D75F15E649D8}"
EndProject
Project("{FAE04EC0-301F-11D3-BF4B-00C04F79EFBC}") = "HDC.Fish", "HDC.Fish\HDC.Fish.csproj", "{0102FE8C-4A38-45A2-9E1C-C392F232B013}"
EndProject
Global
	GlobalSection(SolutionConfigurationPlatforms) = preSolution
		Debug|Any CPU = Debug|Any CPU
		Release|Any CPU = Release|Any CPU
	EndGlobalSection
	GlobalSection(ProjectConfigurationPlatforms) = postSolution
		{789DF761-BFBC-4FF8-898E-B3BC0B994863}.Debug|Any CPU.ActiveCfg = Debug|Any CPU
		{789DF761-BFBC-4FF8-898E-B3BC0B994863}.Debug|Any CPU.Build.0 = Debug|Any CPU
		{789DF761-BFBC-4FF8-898E-B3BC0B994863}.Release|Any CPU.ActiveCfg = Release|Any CPU
		{789DF761-BFBC-4FF8-898E-B3BC0B994863}.Release|Any CPU.Build.0 = Release|Any CPU
		{2FBB112E-D6AF-476C-9847-AA64FB77AF2B}.Debug|Any CPU.ActiveCfg = Debug|Any CPU
		{2FBB112E-D6AF-476C-9847-AA64FB77AF2B}.Debug|Any CPU.Build.0 = Debug|Any CPU
		{2FBB112E-D6AF-476C-9847-AA64FB77AF2B}.Release|Any CPU.ActiveCfg = Release|Any CPU
		{2FBB112E-D6AF-476C-9847-AA64FB77AF2B}.Release|Any CPU.Build.0 = Release|Any CPU
		{95D9B681-E56B-4B23-BC59-DB3413D06AC5}.Debug|Any CPU.ActiveCfg = Debug|Any CPU
		{95D9B681-E56B-4B23-BC59-DB3413D06AC5}.Debug|Any CPU.Build.0 = Debug|Any CPU
		{95D9B681-E56B-4B23-BC59-DB3413D06AC5}.Release|Any CPU.ActiveCfg = Release|Any CPU
		{95D9B681-E56B-4B23-BC59-DB3413D06AC5}.Release|Any CPU.Build.0 = Release|Any CPU
		{9F671ED8-2292-4965-9AD3-6BA7A5682CB4}.Debug|Any CPU.ActiveCfg = Debug|Any CPU
		{9F671ED8-2292-4965-9AD3-6BA7A5682CB4}.Debug|Any CPU.Build.0 = Debug|Any CPU
		{9F671ED8-2292-4965-9AD3-6BA7A5682CB4}.Release|Any CPU.ActiveCfg = Release|Any CPU
		{9F671ED8-2292-4965-9AD3-6BA7A5682CB4}.Release|Any CPU.Build.0 = Release|Any CPU
		{6D274630-7AAA-471C-8721-D75F15E649D8}.Debug|Any CPU.ActiveCfg = Debug|Any CPU
		{6D274630-7AAA-471C-8721-D75F15E649D8}.Debug|Any CPU.Build.0 = Debug|Any CPU
		{6D274630-7AAA-471C-8721-D75F15E649D8}.Release|Any CPU.ActiveCfg = Release|Any CPU
		{6D274630-7AAA-471C-8721-D75F15E649D8}.Release|Any CPU.Build.0 = Release|Any CPU
		{0102FE8C-4A38-45A2-9E1C-C392F232B013}.Debug|Any CPU.ActiveCfg = Debug|Any CPU
		{0102FE8C-4A38-45A2-9E1C-C392F232B013}.Debug|Any CPU.Build.0 = Debug|Any CPU
		{0102FE8C-4A38-45A2-9E1C-C392F232B013}.Release|Any CPU.ActiveCfg = Release|Any CPU
		{0102FE8C-4A38-45A2-9E1C-C392F232B013}.Release|Any CPU.Build.0 = Release|Any CPU
	EndGlobalSection
	GlobalSection(SolutionProperties) = preSolution
		HideSolutionNode = FALSE
	EndGlobalSection
	GlobalSection(ExtensibilityGlobals) = postSolution
		SolutionGuid = {22B94159-D6C4-4B3D-8BC0-36622DC4978B}
	EndGlobalSection
EndGlobal
